
Microsoft Visual Studio Solution File, Format Version 12.00
# Visual Studio Version 17
VisualStudioVersion = 17.0.31903.59
MinimumVisualStudioVersion = 10.0.40219.1
Project("{2150E333-8FDC-42A3-9474-1A3956D46DE8}") = "src", "src", "{827E0CD3-B72D-47B6-A68D-7590B98EB39B}"
EndProject
Project("{FAE04EC0-301F-11D3-BF4B-00C04F79EFBC}") = "NanoBot.Core", "src\NanoBot.Core\NanoBot.Core.csproj", "{3F5485B7-B216-4710-B101-AFCD7E271B4B}"
EndProject
Project("{FAE04EC0-301F-11D3-BF4B-00C04F79EFBC}") = "NanoBot.Infrastructure", "src\NanoBot.Infrastructure\NanoBot.Infrastructure.csproj", "{D30FFD6B-1D6B-4909-9E3B-2642B2DF89BA}"
EndProject
Project("{2150E333-8FDC-42A3-9474-1A3956D46DE8}") = "tests", "tests", "{0AB3BF05-4346-4AA6-1389-037BE0695223}"
EndProject
Project("{FAE04EC0-301F-11D3-BF4B-00C04F79EFBC}") = "NanoBot.Core.Tests", "tests\NanoBot.Core.Tests\NanoBot.Core.Tests.csproj", "{A1B2C3D4-E5F6-7890-ABCD-EF1234567890}"
EndProject
Project("{FAE04EC0-301F-11D3-BF4B-00C04F79EFBC}") = "NanoBot.Infrastructure.Tests", "tests\NanoBot.Infrastructure.Tests\NanoBot.Infrastructure.Tests.csproj", "{FAAC340B-9776-45F3-B048-84088B23C0D0}"
EndProject
Project("{FAE04EC0-301F-11D3-BF4B-00C04F79EFBC}") = "NanoBot.Tools.Tests", "tests\NanoBot.Tools.Tests\NanoBot.Tools.Tests.csproj", "{10A37FBA-E6E6-467E-A592-B13D158CE518}"
EndProject
Project("{FAE04EC0-301F-11D3-BF4B-00C04F79EFBC}") = "NanoBot.Tools", "src\NanoBot.Tools\NanoBot.Tools.csproj", "{81D1F740-DD8D-45E4-88CC-35EE9CB33199}"
EndProject
Project("{FAE04EC0-301F-11D3-BF4B-00C04F79EFBC}") = "NanoBot.Providers.Tests", "tests\NanoBot.Providers.Tests\NanoBot.Providers.Tests.csproj", "{D4D9A7D4-8F09-45D9-9CDD-A6B5B5903CDD}"
EndProject
Project("{FAE04EC0-301F-11D3-BF4B-00C04F79EFBC}") = "NanoBot.Providers", "src\NanoBot.Providers\NanoBot.Providers.csproj", "{C0867B62-7A92-45EF-BFD8-03BDB3F5B5E3}"
EndProject
Project("{FAE04EC0-301F-11D3-BF4B-00C04F79EFBC}") = "NanoBot.Channels.Tests", "tests\NanoBot.Channels.Tests\NanoBot.Channels.Tests.csproj", "{69B6CA17-62C0-4AFD-92B3-175EA1811EA6}"
EndProject
Project("{FAE04EC0-301F-11D3-BF4B-00C04F79EFBC}") = "NanoBot.Channels", "src\NanoBot.Channels\NanoBot.Channels.csproj", "{A3F40C9B-53E3-4BC0-B882-DBFCF3B308C8}"
EndProject
Project("{FAE04EC0-301F-11D3-BF4B-00C04F79EFBC}") = "NanoBot.Agent", "src\NanoBot.Agent\NanoBot.Agent.csproj", "{9D6C8F95-D701-48C6-A504-18FDEA503017}"
EndProject
Project("{FAE04EC0-301F-11D3-BF4B-00C04F79EFBC}") = "NanoBot.Agent.Tests", "tests\NanoBot.Agent.Tests\NanoBot.Agent.Tests.csproj", "{5E7D195B-786B-434F-8DD1-43AEDFBD5A2B}"
EndProject
Project("{FAE04EC0-301F-11D3-BF4B-00C04F79EFBC}") = "NanoBot.Cli", "src\NanoBot.Cli\NanoBot.Cli.csproj", "{5D10EEC0-68BA-449B-B0B9-5E3F4712D9BB}"
EndProject
Project("{FAE04EC0-301F-11D3-BF4B-00C04F79EFBC}") = "NanoBot.Cli.Tests", "tests\NanoBot.Cli.Tests\NanoBot.Cli.Tests.csproj", "{CB9223D3-05E3-436D-99DC-A8BADF2E7E03}"
EndProject
Global
	GlobalSection(SolutionConfigurationPlatforms) = preSolution
		Debug|Any CPU = Debug|Any CPU
		Debug|x64 = Debug|x64
		Debug|x86 = Debug|x86
		Release|Any CPU = Release|Any CPU
		Release|x64 = Release|x64
		Release|x86 = Release|x86
	EndGlobalSection
	GlobalSection(ProjectConfigurationPlatforms) = postSolution
		{3F5485B7-B216-4710-B101-AFCD7E271B4B}.Debug|Any CPU.ActiveCfg = Debug|Any CPU
		{3F5485B7-B216-4710-B101-AFCD7E271B4B}.Debug|Any CPU.Build.0 = Debug|Any CPU
		{3F5485B7-B216-4710-B101-AFCD7E271B4B}.Debug|x64.ActiveCfg = Debug|Any CPU
		{3F5485B7-B216-4710-B101-AFCD7E271B4B}.Debug|x64.Build.0 = Debug|Any CPU
		{3F5485B7-B216-4710-B101-AFCD7E271B4B}.Debug|x86.ActiveCfg = Debug|Any CPU
		{3F5485B7-B216-4710-B101-AFCD7E271B4B}.Debug|x86.Build.0 = Debug|Any CPU
		{3F5485B7-B216-4710-B101-AFCD7E271B4B}.Release|Any CPU.ActiveCfg = Release|Any CPU
		{3F5485B7-B216-4710-B101-AFCD7E271B4B}.Release|Any CPU.Build.0 = Release|Any CPU
		{3F5485B7-B216-4710-B101-AFCD7E271B4B}.Release|x64.ActiveCfg = Release|Any CPU
		{3F5485B7-B216-4710-B101-AFCD7E271B4B}.Release|x64.Build.0 = Release|Any CPU
		{3F5485B7-B216-4710-B101-AFCD7E271B4B}.Release|x86.ActiveCfg = Release|Any CPU
		{3F5485B7-B216-4710-B101-AFCD7E271B4B}.Release|x86.Build.0 = Release|Any CPU
		{D30FFD6B-1D6B-4909-9E3B-2642B2DF89BA}.Debug|Any CPU.ActiveCfg = Debug|Any CPU
		{D30FFD6B-1D6B-4909-9E3B-2642B2DF89BA}.Debug|Any CPU.Build.0 = Debug|Any CPU
		{D30FFD6B-1D6B-4909-9E3B-2642B2DF89BA}.Debug|x64.ActiveCfg = Debug|Any CPU
		{D30FFD6B-1D6B-4909-9E3B-2642B2DF89BA}.Debug|x64.Build.0 = Debug|Any CPU
		{D30FFD6B-1D6B-4909-9E3B-2642B2DF89BA}.Debug|x86.ActiveCfg = Debug|Any CPU
		{D30FFD6B-1D6B-4909-9E3B-2642B2DF89BA}.Debug|x86.Build.0 = Debug|Any CPU
		{D30FFD6B-1D6B-4909-9E3B-2642B2DF89BA}.Release|Any CPU.ActiveCfg = Release|Any CPU
		{D30FFD6B-1D6B-4909-9E3B-2642B2DF89BA}.Release|Any CPU.Build.0 = Release|Any CPU
		{D30FFD6B-1D6B-4909-9E3B-2642B2DF89BA}.Release|x64.ActiveCfg = Release|Any CPU
		{D30FFD6B-1D6B-4909-9E3B-2642B2DF89BA}.Release|x64.Build.0 = Release|Any CPU
		{D30FFD6B-1D6B-4909-9E3B-2642B2DF89BA}.Release|x86.ActiveCfg = Release|Any CPU
		{D30FFD6B-1D6B-4909-9E3B-2642B2DF89BA}.Release|x86.Build.0 = Release|Any CPU
		{A1B2C3D4-E5F6-7890-ABCD-EF1234567890}.Debug|Any CPU.ActiveCfg = Debug|Any CPU
		{A1B2C3D4-E5F6-7890-ABCD-EF1234567890}.Debug|Any CPU.Build.0 = Debug|Any CPU
		{A1B2C3D4-E5F6-7890-ABCD-EF1234567890}.Debug|x64.ActiveCfg = Debug|Any CPU
		{A1B2C3D4-E5F6-7890-ABCD-EF1234567890}.Debug|x64.Build.0 = Debug|Any CPU
		{A1B2C3D4-E5F6-7890-ABCD-EF1234567890}.Debug|x86.ActiveCfg = Debug|Any CPU
		{A1B2C3D4-E5F6-7890-ABCD-EF1234567890}.Debug|x86.Build.0 = Debug|Any CPU
		{A1B2C3D4-E5F6-7890-ABCD-EF1234567890}.Release|Any CPU.ActiveCfg = Release|Any CPU
		{A1B2C3D4-E5F6-7890-ABCD-EF1234567890}.Release|Any CPU.Build.0 = Release|Any CPU
		{A1B2C3D4-E5F6-7890-ABCD-EF1234567890}.Release|x64.ActiveCfg = Release|Any CPU
		{A1B2C3D4-E5F6-7890-ABCD-EF1234567890}.Release|x64.Build.0 = Release|Any CPU
		{A1B2C3D4-E5F6-7890-ABCD-EF1234567890}.Release|x86.ActiveCfg = Release|Any CPU
		{A1B2C3D4-E5F6-7890-ABCD-EF1234567890}.Release|x86.Build.0 = Release|Any CPU
		{FAAC340B-9776-45F3-B048-84088B23C0D0}.Debug|Any CPU.ActiveCfg = Debug|Any CPU
		{FAAC340B-9776-45F3-B048-84088B23C0D0}.Debug|Any CPU.Build.0 = Debug|Any CPU
		{FAAC340B-9776-45F3-B048-84088B23C0D0}.Debug|x64.ActiveCfg = Debug|Any CPU
		{FAAC340B-9776-45F3-B048-84088B23C0D0}.Debug|x64.Build.0 = Debug|Any CPU
		{FAAC340B-9776-45F3-B048-84088B23C0D0}.Debug|x86.ActiveCfg = Debug|Any CPU
		{FAAC340B-9776-45F3-B048-84088B23C0D0}.Debug|x86.Build.0 = Debug|Any CPU
		{FAAC340B-9776-45F3-B048-84088B23C0D0}.Release|Any CPU.ActiveCfg = Release|Any CPU
		{FAAC340B-9776-45F3-B048-84088B23C0D0}.Release|Any CPU.Build.0 = Release|Any CPU
		{FAAC340B-9776-45F3-B048-84088B23C0D0}.Release|x64.ActiveCfg = Release|Any CPU
		{FAAC340B-9776-45F3-B048-84088B23C0D0}.Release|x64.Build.0 = Release|Any CPU
		{FAAC340B-9776-45F3-B048-84088B23C0D0}.Release|x86.ActiveCfg = Release|Any CPU
		{FAAC340B-9776-45F3-B048-84088B23C0D0}.Release|x86.Build.0 = Release|Any CPU
		{10A37FBA-E6E6-467E-A592-B13D158CE518}.Debug|Any CPU.ActiveCfg = Debug|Any CPU
		{10A37FBA-E6E6-467E-A592-B13D158CE518}.Debug|Any CPU.Build.0 = Debug|Any CPU
		{10A37FBA-E6E6-467E-A592-B13D158CE518}.Debug|x64.ActiveCfg = Debug|Any CPU
		{10A37FBA-E6E6-467E-A592-B13D158CE518}.Debug|x64.Build.0 = Debug|Any CPU
		{10A37FBA-E6E6-467E-A592-B13D158CE518}.Debug|x86.ActiveCfg = Debug|Any CPU
		{10A37FBA-E6E6-467E-A592-B13D158CE518}.Debug|x86.Build.0 = Debug|Any CPU
		{10A37FBA-E6E6-467E-A592-B13D158CE518}.Release|Any CPU.ActiveCfg = Release|Any CPU
		{10A37FBA-E6E6-467E-A592-B13D158CE518}.Release|Any CPU.Build.0 = Release|Any CPU
		{10A37FBA-E6E6-467E-A592-B13D158CE518}.Release|x64.ActiveCfg = Release|Any CPU
		{10A37FBA-E6E6-467E-A592-B13D158CE518}.Release|x64.Build.0 = Release|Any CPU
		{10A37FBA-E6E6-467E-A592-B13D158CE518}.Release|x86.ActiveCfg = Release|Any CPU
		{10A37FBA-E6E6-467E-A592-B13D158CE518}.Release|x86.Build.0 = Release|Any CPU
		{81D1F740-DD8D-45E4-88CC-35EE9CB33199}.Debug|Any CPU.ActiveCfg = Debug|Any CPU
		{81D1F740-DD8D-45E4-88CC-35EE9CB33199}.Debug|Any CPU.Build.0 = Debug|Any CPU
		{81D1F740-DD8D-45E4-88CC-35EE9CB33199}.Debug|x64.ActiveCfg = Debug|Any CPU
		{81D1F740-DD8D-45E4-88CC-35EE9CB33199}.Debug|x64.Build.0 = Debug|Any CPU
		{81D1F740-DD8D-45E4-88CC-35EE9CB33199}.Debug|x86.ActiveCfg = Debug|Any CPU
		{81D1F740-DD8D-45E4-88CC-35EE9CB33199}.Debug|x86.Build.0 = Debug|Any CPU
		{81D1F740-DD8D-45E4-88CC-35EE9CB33199}.Release|Any CPU.ActiveCfg = Release|Any CPU
		{81D1F740-DD8D-45E4-88CC-35EE9CB33199}.Release|Any CPU.Build.0 = Release|Any CPU
		{81D1F740-DD8D-45E4-88CC-35EE9CB33199}.Release|x64.ActiveCfg = Release|Any CPU
		{81D1F740-DD8D-45E4-88CC-35EE9CB33199}.Release|x64.Build.0 = Release|Any CPU
		{81D1F740-DD8D-45E4-88CC-35EE9CB33199}.Release|x86.ActiveCfg = Release|Any CPU
		{81D1F740-DD8D-45E4-88CC-35EE9CB33199}.Release|x86.Build.0 = Release|Any CPU
		{D4D9A7D4-8F09-45D9-9CDD-A6B5B5903CDD}.Debug|Any CPU.ActiveCfg = Debug|Any CPU
		{D4D9A7D4-8F09-45D9-9CDD-A6B5B5903CDD}.Debug|Any CPU.Build.0 = Debug|Any CPU
		{D4D9A7D4-8F09-45D9-9CDD-A6B5B5903CDD}.Debug|x64.ActiveCfg = Debug|Any CPU
		{D4D9A7D4-8F09-45D9-9CDD-A6B5B5903CDD}.Debug|x64.Build.0 = Debug|Any CPU
		{D4D9A7D4-8F09-45D9-9CDD-A6B5B5903CDD}.Debug|x86.ActiveCfg = Debug|Any CPU
		{D4D9A7D4-8F09-45D9-9CDD-A6B5B5903CDD}.Debug|x86.Build.0 = Debug|Any CPU
		{D4D9A7D4-8F09-45D9-9CDD-A6B5B5903CDD}.Release|Any CPU.ActiveCfg = Release|Any CPU
		{D4D9A7D4-8F09-45D9-9CDD-A6B5B5903CDD}.Release|Any CPU.Build.0 = Release|Any CPU
		{D4D9A7D4-8F09-45D9-9CDD-A6B5B5903CDD}.Release|x64.ActiveCfg = Release|Any CPU
		{D4D9A7D4-8F09-45D9-9CDD-A6B5B5903CDD}.Release|x64.Build.0 = Release|Any CPU
		{D4D9A7D4-8F09-45D9-9CDD-A6B5B5903CDD}.Release|x86.ActiveCfg = Release|Any CPU
		{D4D9A7D4-8F09-45D9-9CDD-A6B5B5903CDD}.Release|x86.Build.0 = Release|Any CPU
		{C0867B62-7A92-45EF-BFD8-03BDB3F5B5E3}.Debug|Any CPU.ActiveCfg = Debug|Any CPU
		{C0867B62-7A92-45EF-BFD8-03BDB3F5B5E3}.Debug|Any CPU.Build.0 = Debug|Any CPU
		{C0867B62-7A92-45EF-BFD8-03BDB3F5B5E3}.Debug|x64.ActiveCfg = Debug|Any CPU
		{C0867B62-7A92-45EF-BFD8-03BDB3F5B5E3}.Debug|x64.Build.0 = Debug|Any CPU
		{C0867B62-7A92-45EF-BFD8-03BDB3F5B5E3}.Debug|x86.ActiveCfg = Debug|Any CPU
		{C0867B62-7A92-45EF-BFD8-03BDB3F5B5E3}.Debug|x86.Build.0 = Debug|Any CPU
		{C0867B62-7A92-45EF-BFD8-03BDB3F5B5E3}.Release|Any CPU.ActiveCfg = Release|Any CPU
		{C0867B62-7A92-45EF-BFD8-03BDB3F5B5E3}.Release|Any CPU.Build.0 = Release|Any CPU
		{C0867B62-7A92-45EF-BFD8-03BDB3F5B5E3}.Release|x64.ActiveCfg = Release|Any CPU
		{C0867B62-7A92-45EF-BFD8-03BDB3F5B5E3}.Release|x64.Build.0 = Release|Any CPU
		{C0867B62-7A92-45EF-BFD8-03BDB3F5B5E3}.Release|x86.ActiveCfg = Release|Any CPU
		{C0867B62-7A92-45EF-BFD8-03BDB3F5B5E3}.Release|x86.Build.0 = Release|Any CPU
		{69B6CA17-62C0-4AFD-92B3-175EA1811EA6}.Debug|Any CPU.ActiveCfg = Debug|Any CPU
		{69B6CA17-62C0-4AFD-92B3-175EA1811EA6}.Debug|Any CPU.Build.0 = Debug|Any CPU
		{69B6CA17-62C0-4AFD-92B3-175EA1811EA6}.Debug|x64.ActiveCfg = Debug|Any CPU
		{69B6CA17-62C0-4AFD-92B3-175EA1811EA6}.Debug|x64.Build.0 = Debug|Any CPU
		{69B6CA17-62C0-4AFD-92B3-175EA1811EA6}.Debug|x86.ActiveCfg = Debug|Any CPU
		{69B6CA17-62C0-4AFD-92B3-175EA1811EA6}.Debug|x86.Build.0 = Debug|Any CPU
		{69B6CA17-62C0-4AFD-92B3-175EA1811EA6}.Release|Any CPU.ActiveCfg = Release|Any CPU
		{69B6CA17-62C0-4AFD-92B3-175EA1811EA6}.Release|Any CPU.Build.0 = Release|Any CPU
		{69B6CA17-62C0-4AFD-92B3-175EA1811EA6}.Release|x64.ActiveCfg = Release|Any CPU
		{69B6CA17-62C0-4AFD-92B3-175EA1811EA6}.Release|x64.Build.0 = Release|Any CPU
		{69B6CA17-62C0-4AFD-92B3-175EA1811EA6}.Release|x86.ActiveCfg = Release|Any CPU
		{69B6CA17-62C0-4AFD-92B3-175EA1811EA6}.Release|x86.Build.0 = Release|Any CPU
		{A3F40C9B-53E3-4BC0-B882-DBFCF3B308C8}.Debug|Any CPU.ActiveCfg = Debug|Any CPU
		{A3F40C9B-53E3-4BC0-B882-DBFCF3B308C8}.Debug|Any CPU.Build.0 = Debug|Any CPU
		{A3F40C9B-53E3-4BC0-B882-DBFCF3B308C8}.Debug|x64.ActiveCfg = Debug|Any CPU
		{A3F40C9B-53E3-4BC0-B882-DBFCF3B308C8}.Debug|x64.Build.0 = Debug|Any CPU
		{A3F40C9B-53E3-4BC0-B882-DBFCF3B308C8}.Debug|x86.ActiveCfg = Debug|Any CPU
		{A3F40C9B-53E3-4BC0-B882-DBFCF3B308C8}.Debug|x86.Build.0 = Debug|Any CPU
		{A3F40C9B-53E3-4BC0-B882-DBFCF3B308C8}.Release|Any CPU.ActiveCfg = Release|Any CPU
		{A3F40C9B-53E3-4BC0-B882-DBFCF3B308C8}.Release|Any CPU.Build.0 = Release|Any CPU
		{A3F40C9B-53E3-4BC0-B882-DBFCF3B308C8}.Release|x64.ActiveCfg = Release|Any CPU
		{A3F40C9B-53E3-4BC0-B882-DBFCF3B308C8}.Release|x64.Build.0 = Release|Any CPU
		{A3F40C9B-53E3-4BC0-B882-DBFCF3B308C8}.Release|x86.ActiveCfg = Release|Any CPU
		{A3F40C9B-53E3-4BC0-B882-DBFCF3B308C8}.Release|x86.Build.0 = Release|Any CPU
		{9D6C8F95-D701-48C6-A504-18FDEA503017}.Debug|Any CPU.ActiveCfg = Debug|Any CPU
		{9D6C8F95-D701-48C6-A504-18FDEA503017}.Debug|Any CPU.Build.0 = Debug|Any CPU
		{9D6C8F95-D701-48C6-A504-18FDEA503017}.Debug|x64.ActiveCfg = Debug|Any CPU
		{9D6C8F95-D701-48C6-A504-18FDEA503017}.Debug|x64.Build.0 = Debug|Any CPU
		{9D6C8F95-D701-48C6-A504-18FDEA503017}.Debug|x86.ActiveCfg = Debug|Any CPU
		{9D6C8F95-D701-48C6-A504-18FDEA503017}.Debug|x86.Build.0 = Debug|Any CPU
		{9D6C8F95-D701-48C6-A504-18FDEA503017}.Release|Any CPU.ActiveCfg = Release|Any CPU
		{9D6C8F95-D701-48C6-A504-18FDEA503017}.Release|Any CPU.Build.0 = Release|Any CPU
		{9D6C8F95-D701-48C6-A504-18FDEA503017}.Release|x64.ActiveCfg = Release|Any CPU
		{9D6C8F95-D701-48C6-A504-18FDEA503017}.Release|x64.Build.0 = Release|Any CPU
		{9D6C8F95-D701-48C6-A504-18FDEA503017}.Release|x86.ActiveCfg = Release|Any CPU
		{9D6C8F95-D701-48C6-A504-18FDEA503017}.Release|x86.Build.0 = Release|Any CPU
		{5E7D195B-786B-434F-8DD1-43AEDFBD5A2B}.Debug|Any CPU.ActiveCfg = Debug|Any CPU
		{5E7D195B-786B-434F-8DD1-43AEDFBD5A2B}.Debug|Any CPU.Build.0 = Debug|Any CPU
		{5E7D195B-786B-434F-8DD1-43AEDFBD5A2B}.Debug|x64.ActiveCfg = Debug|Any CPU
		{5E7D195B-786B-434F-8DD1-43AEDFBD5A2B}.Debug|x64.Build.0 = Debug|Any CPU
		{5E7D195B-786B-434F-8DD1-43AEDFBD5A2B}.Debug|x86.ActiveCfg = Debug|Any CPU
		{5E7D195B-786B-434F-8DD1-43AEDFBD5A2B}.Debug|x86.Build.0 = Debug|Any CPU
		{5E7D195B-786B-434F-8DD1-43AEDFBD5A2B}.Release|Any CPU.ActiveCfg = Release|Any CPU
		{5E7D195B-786B-434F-8DD1-43AEDFBD5A2B}.Release|Any CPU.Build.0 = Release|Any CPU
		{5E7D195B-786B-434F-8DD1-43AEDFBD5A2B}.Release|x64.ActiveCfg = Release|Any CPU
		{5E7D195B-786B-434F-8DD1-43AEDFBD5A2B}.Release|x64.Build.0 = Release|Any CPU
		{5E7D195B-786B-434F-8DD1-43AEDFBD5A2B}.Release|x86.ActiveCfg = Release|Any CPU
		{5E7D195B-786B-434F-8DD1-43AEDFBD5A2B}.Release|x86.Build.0 = Release|Any CPU
		{5D10EEC0-68BA-449B-B0B9-5E3F4712D9BB}.Debug|Any CPU.ActiveCfg = Debug|Any CPU
		{5D10EEC0-68BA-449B-B0B9-5E3F4712D9BB}.Debug|Any CPU.Build.0 = Debug|Any CPU
		{5D10EEC0-68BA-449B-B0B9-5E3F4712D9BB}.Debug|x64.ActiveCfg = Debug|Any CPU
		{5D10EEC0-68BA-449B-B0B9-5E3F4712D9BB}.Debug|x64.Build.0 = Debug|Any CPU
		{5D10EEC0-68BA-449B-B0B9-5E3F4712D9BB}.Debug|x86.ActiveCfg = Debug|Any CPU
		{5D10EEC0-68BA-449B-B0B9-5E3F4712D9BB}.Debug|x86.Build.0 = Debug|Any CPU
		{5D10EEC0-68BA-449B-B0B9-5E3F4712D9BB}.Release|Any CPU.ActiveCfg = Release|Any CPU
		{5D10EEC0-68BA-449B-B0B9-5E3F4712D9BB}.Release|Any CPU.Build.0 = Release|Any CPU
		{5D10EEC0-68BA-449B-B0B9-5E3F4712D9BB}.Release|x64.ActiveCfg = Release|Any CPU
		{5D10EEC0-68BA-449B-B0B9-5E3F4712D9BB}.Release|x64.Build.0 = Release|Any CPU
		{5D10EEC0-68BA-449B-B0B9-5E3F4712D9BB}.Release|x86.ActiveCfg = Release|Any CPU
		{5D10EEC0-68BA-449B-B0B9-5E3F4712D9BB}.Release|x86.Build.0 = Release|Any CPU
		{CB9223D3-05E3-436D-99DC-A8BADF2E7E03}.Debug|Any CPU.ActiveCfg = Debug|Any CPU
		{CB9223D3-05E3-436D-99DC-A8BADF2E7E03}.Debug|Any CPU.Build.0 = Debug|Any CPU
		{CB9223D3-05E3-436D-99DC-A8BADF2E7E03}.Debug|x64.ActiveCfg = Debug|Any CPU
		{CB9223D3-05E3-436D-99DC-A8BADF2E7E03}.Debug|x64.Build.0 = Debug|Any CPU
		{CB9223D3-05E3-436D-99DC-A8BADF2E7E03}.Debug|x86.ActiveCfg = Debug|Any CPU
		{CB9223D3-05E3-436D-99DC-A8BADF2E7E03}.Debug|x86.Build.0 = Debug|Any CPU
		{CB9223D3-05E3-436D-99DC-A8BADF2E7E03}.Release|Any CPU.ActiveCfg = Release|Any CPU
		{CB9223D3-05E3-436D-99DC-A8BADF2E7E03}.Release|Any CPU.Build.0 = Release|Any CPU
		{CB9223D3-05E3-436D-99DC-A8BADF2E7E03}.Release|x64.ActiveCfg = Release|Any CPU
		{CB9223D3-05E3-436D-99DC-A8BADF2E7E03}.Release|x64.Build.0 = Release|Any CPU
		{CB9223D3-05E3-436D-99DC-A8BADF2E7E03}.Release|x86.ActiveCfg = Release|Any CPU
		{CB9223D3-05E3-436D-99DC-A8BADF2E7E03}.Release|x86.Build.0 = Release|Any CPU
	EndGlobalSection
	GlobalSection(SolutionProperties) = preSolution
		HideSolutionNode = FALSE
	EndGlobalSection
	GlobalSection(NestedProjects) = preSolution
		{3F5485B7-B216-4710-B101-AFCD7E271B4B} = {827E0CD3-B72D-47B6-A68D-7590B98EB39B}
		{D30FFD6B-1D6B-4909-9E3B-2642B2DF89BA} = {827E0CD3-B72D-47B6-A68D-7590B98EB39B}
		{A1B2C3D4-E5F6-7890-ABCD-EF1234567890} = {0AB3BF05-4346-4AA6-1389-037BE0695223}
		{FAAC340B-9776-45F3-B048-84088B23C0D0} = {0AB3BF05-4346-4AA6-1389-037BE0695223}
		{10A37FBA-E6E6-467E-A592-B13D158CE518} = {0AB3BF05-4346-4AA6-1389-037BE0695223}
		{81D1F740-DD8D-45E4-88CC-35EE9CB33199} = {827E0CD3-B72D-47B6-A68D-7590B98EB39B}
		{D4D9A7D4-8F09-45D9-9CDD-A6B5B5903CDD} = {0AB3BF05-4346-4AA6-1389-037BE0695223}
		{C0867B62-7A92-45EF-BFD8-03BDB3F5B5E3} = {827E0CD3-B72D-47B6-A68D-7590B98EB39B}
		{69B6CA17-62C0-4AFD-92B3-175EA1811EA6} = {0AB3BF05-4346-4AA6-1389-037BE0695223}
		{A3F40C9B-53E3-4BC0-B882-DBFCF3B308C8} = {827E0CD3-B72D-47B6-A68D-7590B98EB39B}
		{9D6C8F95-D701-48C6-A504-18FDEA503017} = {827E0CD3-B72D-47B6-A68D-7590B98EB39B}
		{5E7D195B-786B-434F-8DD1-43AEDFBD5A2B} = {0AB3BF05-4346-4AA6-1389-037BE0695223}
		{5D10EEC0-68BA-449B-B0B9-5E3F4712D9BB} = {827E0CD3-B72D-47B6-A68D-7590B98EB39B}
		{CB9223D3-05E3-436D-99DC-A8BADF2E7E03} = {0AB3BF05-4346-4AA6-1389-037BE0695223}
	EndGlobalSection
EndGlobal
